
Microsoft Visual Studio Solution File, Format Version 12.00
# Visual Studio Version 17
VisualStudioVersion = 17.3.32804.467
MinimumVisualStudioVersion = 10.0.40219.1
Project("{FAE04EC0-301F-11D3-BF4B-00C04F79EFBC}") = "Calculator", "Calculator\Calculator.csproj", "{D864490C-C254-4681-89AF-49701D5D1E22}"
EndProject
Project("{FAE04EC0-301F-11D3-BF4B-00C04F79EFBC}") = "CalculatorTest", "CalculatorTest\CalculatorTest.csproj", "{9F5B82B8-42B2-4546-96C4-1C3C1CEDA226}"
EndProject
Global
	GlobalSection(SolutionConfigurationPlatforms) = preSolution
		Debug|Any CPU = Debug|Any CPU
		Release|Any CPU = Release|Any CPU
	EndGlobalSection
	GlobalSection(ProjectConfigurationPlatforms) = postSolution
		{D864490C-C254-4681-89AF-49701D5D1E22}.Debug|Any CPU.ActiveCfg = Debug|Any CPU
		{D864490C-C254-4681-89AF-49701D5D1E22}.Debug|Any CPU.Build.0 = Debug|Any CPU
		{D864490C-C254-4681-89AF-49701D5D1E22}.Release|Any CPU.ActiveCfg = Release|Any CPU
		{D864490C-C254-4681-89AF-49701D5D1E22}.Release|Any CPU.Build.0 = Release|Any CPU
		{9F5B82B8-42B2-4546-96C4-1C3C1CEDA226}.Debug|Any CPU.ActiveCfg = Debug|Any CPU
		{9F5B82B8-42B2-4546-96C4-1C3C1CEDA226}.Debug|Any CPU.Build.0 = Debug|Any CPU
		{9F5B82B8-42B2-4546-96C4-1C3C1CEDA226}.Release|Any CPU.ActiveCfg = Release|Any CPU
		{9F5B82B8-42B2-4546-96C4-1C3C1CEDA226}.Release|Any CPU.Build.0 = Release|Any CPU
	EndGlobalSection
	GlobalSection(SolutionProperties) = preSolution
		HideSolutionNode = FALSE
	EndGlobalSection
	GlobalSection(ExtensibilityGlobals) = postSolution
		SolutionGuid = {DAAD6D3B-B953-4C1E-A279-B09FD8DBCDDB}
	EndGlobalSection
EndGlobal
